
Microsoft Visual Studio Solution File, Format Version 12.00
# Visual Studio Version 17
VisualStudioVersion = 17.14.36623.8 d17.14
MinimumVisualStudioVersion = 10.0.40219.1
Project("{FAE04EC0-301F-11D3-BF4B-00C04F79EFBC}") = "KatanWeb", "KatanWeb.csproj", "{4AA1633C-D16C-45F6-BC33-6CB40A3E2A18}"
EndProject
Global
	GlobalSection(SolutionConfigurationPlatforms) = preSolution
		Debug|Any CPU = Debug|Any CPU
		Release|Any CPU = Release|Any CPU
	EndGlobalSection
	GlobalSection(ProjectConfigurationPlatforms) = postSolution
		{4AA1633C-D16C-45F6-BC33-6CB40A3E2A18}.Debug|Any CPU.ActiveCfg = Debug|Any CPU
		{4AA1633C-D16C-45F6-BC33-6CB40A3E2A18}.Debug|Any CPU.Build.0 = Debug|Any CPU
		{4AA1633C-D16C-45F6-BC33-6CB40A3E2A18}.Release|Any CPU.ActiveCfg = Release|Any CPU
		{4AA1633C-D16C-45F6-BC33-6CB40A3E2A18}.Release|Any CPU.Build.0 = Release|Any CPU
	EndGlobalSection
	GlobalSection(SolutionProperties) = preSolution
		HideSolutionNode = FALSE
	EndGlobalSection
	GlobalSection(ExtensibilityGlobals) = postSolution
		SolutionGuid = {7893DBBD-2AE1-4AAC-81AC-924D9FDAF67D}
	EndGlobalSection
EndGlobal
